PODS:
  - APIKit (5.2.0)
  - Nuke (9.5.0)

DEPENDENCIES:
  - APIKit (~> 5.0)
  - Nuke

SPEC REPOS:
  trunk:
    - APIKit
    - Nuke

SPEC CHECKSUMS:
  APIKit: 577bd933169bd289ad6a3fa77a62394eae761619
  Nuke: 6f400a4ea957e09149ec335a3c6acdcc814d89e4

PODFILE CHECKSUM: 93247c0b5d1431a0a87c736ec3a41d1130883d58

COCOAPODS: 1.10.1
