// !$*UTF8*$!
{
	archiveVersion = 1;
	classes = {
	};
	objectVersion = 51;
	objects = {

/* Begin PBXBuildFile section */
		30C85CA18017513A67FAFBD5 /* Pods_iOSEngineerCodeCheck_iOSEngineerCodeCheckUITests.framework in Frameworks */ = {isa = PBXBuildFile; fileRef = 425A7C9734FBBBE685FF6C6E /* Pods_iOSEngineerCodeCheck_iOSEngineerCodeCheckUITests.framework */; };
		3704ADD52695462200D6268E /* SearchViewController.storyboard in Resources */ = {isa = PBXBuildFile; fileRef = 3704ADD42695462200D6268E /* SearchViewController.storyboard */; };
		3704ADD92695465F00D6268E /* SearchViewController.swift in Sources */ = {isa = PBXBuildFile; fileRef = 3704ADD82695465F00D6268E /* SearchViewController.swift */; };
		3704ADDB2695466D00D6268E /* DetailViewController.swift in Sources */ = {isa = PBXBuildFile; fileRef = 3704ADDA2695466D00D6268E /* DetailViewController.swift */; };
		3704ADDD269546A500D6268E /* SearchReponse.swift in Sources */ = {isa = PBXBuildFile; fileRef = 3704ADDC269546A500D6268E /* SearchReponse.swift */; };
		3704ADE12695490100D6268E /* Instantiatable.swift in Sources */ = {isa = PBXBuildFile; fileRef = 3704ADE02695490100D6268E /* Instantiatable.swift */; };
		3704ADE32695490E00D6268E /* ClassName.swift in Sources */ = {isa = PBXBuildFile; fileRef = 3704ADE22695490E00D6268E /* ClassName.swift */; };
		3704ADE52695491F00D6268E /* Injectable.swift in Sources */ = {isa = PBXBuildFile; fileRef = 3704ADE42695491F00D6268E /* Injectable.swift */; };
		3704ADE926954D0D00D6268E /* DetailViewController.storyboard in Resources */ = {isa = PBXBuildFile; fileRef = 3704ADE826954D0D00D6268E /* DetailViewController.storyboard */; };
		3704ADF126958A8500D6268E /* GitHubAPI.swift in Sources */ = {isa = PBXBuildFile; fileRef = 3704ADF026958A8500D6268E /* GitHubAPI.swift */; };
		3704ADF82695916D00D6268E /* Repository.swift in Sources */ = {isa = PBXBuildFile; fileRef = 3704ADF72695916D00D6268E /* Repository.swift */; };
		3704ADFA2695919400D6268E /* Owner.swift in Sources */ = {isa = PBXBuildFile; fileRef = 3704ADF92695919400D6268E /* Owner.swift */; };
		3704ADFE2695949F00D6268E /* SearchViewPresenter.swift in Sources */ = {isa = PBXBuildFile; fileRef = 3704ADFD2695949F00D6268E /* SearchViewPresenter.swift */; };
		3704AE00269594CC00D6268E /* SearchModel.swift in Sources */ = {isa = PBXBuildFile; fileRef = 3704ADFF269594CC00D6268E /* SearchModel.swift */; };
		3704AE0F269598DA00D6268E /* RepositoryCell.swift in Sources */ = {isa = PBXBuildFile; fileRef = 3704AE0D269598DA00D6268E /* RepositoryCell.swift */; };
		3704AE10269598DA00D6268E /* RepositoryCell.xib in Resources */ = {isa = PBXBuildFile; fileRef = 3704AE0E269598DA00D6268E /* RepositoryCell.xib */; };
		3704AE132695998500D6268E /* CellReusable.swift in Sources */ = {isa = PBXBuildFile; fileRef = 3704AE122695998500D6268E /* CellReusable.swift */; };
		3704AE1626959A2600D6268E /* UIImageView+SFSymbols.swift in Sources */ = {isa = PBXBuildFile; fileRef = 3704AE1526959A2600D6268E /* UIImageView+SFSymbols.swift */; };
		3704AE1826959B6B00D6268E /* DetailView.swift in Sources */ = {isa = PBXBuildFile; fileRef = 3704AE1726959B6B00D6268E /* DetailView.swift */; };
		3704AE1B26959BE900D6268E /* RemoteImageView.swift in Sources */ = {isa = PBXBuildFile; fileRef = 3704AE1A26959BE900D6268E /* RemoteImageView.swift */; };
		3704AE1D2695A29F00D6268E /* Language.swift in Sources */ = {isa = PBXBuildFile; fileRef = 3704AE1C2695A29F00D6268E /* Language.swift */; };
		3704AE202695A2F900D6268E /* GitHubLanguageColor.swift in Sources */ = {isa = PBXBuildFile; fileRef = 3704AE1F2695A2F900D6268E /* GitHubLanguageColor.swift */; };
		3704AE222695A33600D6268E /* UIColor.swift in Sources */ = {isa = PBXBuildFile; fileRef = 3704AE212695A33600D6268E /* UIColor.swift */; };
		3704AE242695A37500D6268E /* GitHubLanguageColorsのコピー.json in Resources */ = {isa = PBXBuildFile; fileRef = 3704AE232695A37500D6268E /* GitHubLanguageColorsのコピー.json */; };
		68F8F24879BDD075329D4BB5 /* Pods_iOSEngineerCodeCheckTests.framework in Frameworks */ = {isa = PBXBuildFile; fileRef = 2E9985234315D649906499A4 /* Pods_iOSEngineerCodeCheckTests.framework */; };
		6F5B7AC2F578928625FED895 /* Pods_iOSEngineerCodeCheck.framework in Frameworks */ = {isa = PBXBuildFile; fileRef = F1CA0D6384338679C1CA1348 /* Pods_iOSEngineerCodeCheck.framework */; };
		BFD945DF244DC5E80012785A /* AppDelegate.swift in Sources */ = {isa = PBXBuildFile; fileRef = BFD945DE244DC5E80012785A /* AppDelegate.swift */; };
		BFD945E1244DC5E80012785A /* SceneDelegate.swift in Sources */ = {isa = PBXBuildFile; fileRef = BFD945E0244DC5E80012785A /* SceneDelegate.swift */; };
		BFD945E8244DC5EB0012785A /* Assets.xcassets in Resources */ = {isa = PBXBuildFile; fileRef = BFD945E7244DC5EB0012785A /* Assets.xcassets */; };
		BFD945EB244DC5EB0012785A /* LaunchScreen.storyboard in Resources */ = {isa = PBXBuildFile; fileRef = BFD945E9244DC5EB0012785A /* LaunchScreen.storyboard */; };
		BFD945F6244DC5EB0012785A /* iOSEngineerCodeCheckTests.swift in Sources */ = {isa = PBXBuildFile; fileRef = BFD945F5244DC5EB0012785A /* iOSEngineerCodeCheckTests.swift */; };
		BFD94601244DC5EC0012785A /* iOSEngineerCodeCheckUITests.swift in Sources */ = {isa = PBXBuildFile; fileRef = BFD94600244DC5EC0012785A /* iOSEngineerCodeCheckUITests.swift */; };
/* End PBXBuildFile section */

/* Begin PBXContainerItemProxy section */
		BFD945F2244DC5EB0012785A /* PBXContainerItemProxy */ = {
			isa = PBXContainerItemProxy;
			containerPortal = BFD945D3244DC5E80012785A /* Project object */;
			proxyType = 1;
			remoteGlobalIDString = BFD945DA244DC5E80012785A;
			remoteInfo = iOSEngineerCodeCheck;
		};
		BFD945FD244DC5EB0012785A /* PBXContainerItemProxy */ = {
			isa = PBXContainerItemProxy;
			containerPortal = BFD945D3244DC5E80012785A /* Project object */;
			proxyType = 1;
			remoteGlobalIDString = BFD945DA244DC5E80012785A;
			remoteInfo = iOSEngineerCodeCheck;
		};
/* End PBXContainerItemProxy section */

/* Begin PBXFileReference section */
		0A93E6170F253275DA9CEAD0 /* Pods-iOSEngineerCodeCheckTests.debug.xcconfig */ = {isa = PBXFileReference; includeInIndex = 1; lastKnownFileType = text.xcconfig; name = "Pods-iOSEngineerCodeCheckTests.debug.xcconfig"; path = "Target Support Files/Pods-iOSEngineerCodeCheckTests/Pods-iOSEngineerCodeCheckTests.debug.xcconfig"; sourceTree = "<group>"; };
		2E9985234315D649906499A4 /* Pods_iOSEngineerCodeCheckTests.framework */ = {isa = PBXFileReference; explicitFileType = wrapper.framework; includeInIndex = 0; path = Pods_iOSEngineerCodeCheckTests.framework; sourceTree = BUILT_PRODUCTS_DIR; };
		34B026E00B514474DBB37DA2 /* Pods-iOSEngineerCodeCheck-iOSEngineerCodeCheckUITests.debug.xcconfig */ = {isa = PBXFileReference; includeInIndex = 1; lastKnownFileType = text.xcconfig; name = "Pods-iOSEngineerCodeCheck-iOSEngineerCodeCheckUITests.debug.xcconfig"; path = "Target Support Files/Pods-iOSEngineerCodeCheck-iOSEngineerCodeCheckUITests/Pods-iOSEngineerCodeCheck-iOSEngineerCodeCheckUITests.debug.xcconfig"; sourceTree = "<group>"; };
		3704ADD42695462200D6268E /* SearchViewController.storyboard */ = {isa = PBXFileReference; lastKnownFileType = file.storyboard; path = SearchViewController.storyboard; sourceTree = "<group>"; };
		3704ADD82695465F00D6268E /* SearchViewController.swift */ = {isa = PBXFileReference; lastKnownFileType = sourcecode.swift; path = SearchViewController.swift; sourceTree = "<group>"; };
		3704ADDA2695466D00D6268E /* DetailViewController.swift */ = {isa = PBXFileReference; lastKnownFileType = sourcecode.swift; path = DetailViewController.swift; sourceTree = "<group>"; };
		3704ADDC269546A500D6268E /* SearchReponse.swift */ = {isa = PBXFileReference; lastKnownFileType = sourcecode.swift; path = SearchReponse.swift; sourceTree = "<group>"; };
		3704ADE02695490100D6268E /* Instantiatable.swift */ = {isa = PBXFileReference; lastKnownFileType = sourcecode.swift; path = Instantiatable.swift; sourceTree = "<group>"; };
		3704ADE22695490E00D6268E /* ClassName.swift */ = {isa = PBXFileReference; lastKnownFileType = sourcecode.swift; path = ClassName.swift; sourceTree = "<group>"; };
		3704ADE42695491F00D6268E /* Injectable.swift */ = {isa = PBXFileReference; lastKnownFileType = sourcecode.swift; path = Injectable.swift; sourceTree = "<group>"; };
		3704ADE826954D0D00D6268E /* DetailViewController.storyboard */ = {isa = PBXFileReference; lastKnownFileType = file.storyboard; path = DetailViewController.storyboard; sourceTree = "<group>"; };
		3704ADEA2695836B00D6268E /* APIKit.framework */ = {isa = PBXFileReference; lastKnownFileType = wrapper.framework; name = APIKit.framework; path = Carthage/Build/iOS/APIKit.framework; sourceTree = "<group>"; };
		3704ADF026958A8500D6268E /* GitHubAPI.swift */ = {isa = PBXFileReference; lastKnownFileType = sourcecode.swift; path = GitHubAPI.swift; sourceTree = "<group>"; };
		3704ADF72695916D00D6268E /* Repository.swift */ = {isa = PBXFileReference; lastKnownFileType = sourcecode.swift; path = Repository.swift; sourceTree = "<group>"; };
		3704ADF92695919400D6268E /* Owner.swift */ = {isa = PBXFileReference; lastKnownFileType = sourcecode.swift; path = Owner.swift; sourceTree = "<group>"; };
		3704ADFD2695949F00D6268E /* SearchViewPresenter.swift */ = {isa = PBXFileReference; lastKnownFileType = sourcecode.swift; path = SearchViewPresenter.swift; sourceTree = "<group>"; };
		3704ADFF269594CC00D6268E /* SearchModel.swift */ = {isa = PBXFileReference; lastKnownFileType = sourcecode.swift; path = SearchModel.swift; sourceTree = "<group>"; };
		3704AE0D269598DA00D6268E /* RepositoryCell.swift */ = {isa = PBXFileReference; fileEncoding = 4; lastKnownFileType = sourcecode.swift; path = RepositoryCell.swift; sourceTree = "<group>"; };
		3704AE0E269598DA00D6268E /* RepositoryCell.xib */ = {isa = PBXFileReference; fileEncoding = 4; lastKnownFileType = file.xib; path = RepositoryCell.xib; sourceTree = "<group>"; };
		3704AE122695998500D6268E /* CellReusable.swift */ = {isa = PBXFileReference; lastKnownFileType = sourcecode.swift; path = CellReusable.swift; sourceTree = "<group>"; };
		3704AE1526959A2600D6268E /* UIImageView+SFSymbols.swift */ = {isa = PBXFileReference; lastKnownFileType = sourcecode.swift; path = "UIImageView+SFSymbols.swift"; sourceTree = "<group>"; };
		3704AE1726959B6B00D6268E /* DetailView.swift */ = {isa = PBXFileReference; lastKnownFileType = sourcecode.swift; path = DetailView.swift; sourceTree = "<group>"; };
		3704AE1A26959BE900D6268E /* RemoteImageView.swift */ = {isa = PBXFileReference; lastKnownFileType = sourcecode.swift; path = RemoteImageView.swift; sourceTree = "<group>"; };
		3704AE1C2695A29F00D6268E /* Language.swift */ = {isa = PBXFileReference; lastKnownFileType = sourcecode.swift; path = Language.swift; sourceTree = "<group>"; };
		3704AE1F2695A2F900D6268E /* GitHubLanguageColor.swift */ = {isa = PBXFileReference; lastKnownFileType = sourcecode.swift; path = GitHubLanguageColor.swift; sourceTree = "<group>"; };
		3704AE212695A33600D6268E /* UIColor.swift */ = {isa = PBXFileReference; lastKnownFileType = sourcecode.swift; path = UIColor.swift; sourceTree = "<group>"; };
		3704AE232695A37500D6268E /* GitHubLanguageColorsのコピー.json */ = {isa = PBXFileReference; fileEncoding = 4; lastKnownFileType = text.json; name = "GitHubLanguageColorsのコピー.json"; path = "../../../Downloads/mihon-ios-engineer-codecheck/iOSEngineerCodeCheck/Resources/GitHubLanguageColorsのコピー.json"; sourceTree = "<group>"; };
		425A7C9734FBBBE685FF6C6E /* Pods_iOSEngineerCodeCheck_iOSEngineerCodeCheckUITests.framework */ = {isa = PBXFileReference; explicitFileType = wrapper.framework; includeInIndex = 0; path = Pods_iOSEngineerCodeCheck_iOSEngineerCodeCheckUITests.framework; sourceTree = BUILT_PRODUCTS_DIR; };
		486BBF3AD0476A3580190B07 /* Pods-iOSEngineerCodeCheck.release.xcconfig */ = {isa = PBXFileReference; includeInIndex = 1; lastKnownFileType = text.xcconfig; name = "Pods-iOSEngineerCodeCheck.release.xcconfig"; path = "Target Support Files/Pods-iOSEngineerCodeCheck/Pods-iOSEngineerCodeCheck.release.xcconfig"; sourceTree = "<group>"; };
		7A56F9B64D2BE1051CA9BB65 /* Pods-iOSEngineerCodeCheck-iOSEngineerCodeCheckUITests.release.xcconfig */ = {isa = PBXFileReference; includeInIndex = 1; lastKnownFileType = text.xcconfig; name = "Pods-iOSEngineerCodeCheck-iOSEngineerCodeCheckUITests.release.xcconfig"; path = "Target Support Files/Pods-iOSEngineerCodeCheck-iOSEngineerCodeCheckUITests/Pods-iOSEngineerCodeCheck-iOSEngineerCodeCheckUITests.release.xcconfig"; sourceTree = "<group>"; };
		813EC05AA00E36BC9DFCA146 /* Pods-iOSEngineerCodeCheckTests.release.xcconfig */ = {isa = PBXFileReference; includeInIndex = 1; lastKnownFileType = text.xcconfig; name = "Pods-iOSEngineerCodeCheckTests.release.xcconfig"; path = "Target Support Files/Pods-iOSEngineerCodeCheckTests/Pods-iOSEngineerCodeCheckTests.release.xcconfig"; sourceTree = "<group>"; };
		96A109A24E031A211579CE8E /* Pods-iOSEngineerCodeCheck.debug.xcconfig */ = {isa = PBXFileReference; includeInIndex = 1; lastKnownFileType = text.xcconfig; name = "Pods-iOSEngineerCodeCheck.debug.xcconfig"; path = "Target Support Files/Pods-iOSEngineerCodeCheck/Pods-iOSEngineerCodeCheck.debug.xcconfig"; sourceTree = "<group>"; };
		BFD945DB244DC5E80012785A /* iOSEngineerCodeCheck.app */ = {isa = PBXFileReference; explicitFileType = wrapper.application; includeInIndex = 0; path = iOSEngineerCodeCheck.app; sourceTree = BUILT_PRODUCTS_DIR; };
		BFD945DE244DC5E80012785A /* AppDelegate.swift */ = {isa = PBXFileReference; lastKnownFileType = sourcecode.swift; path = AppDelegate.swift; sourceTree = "<group>"; };
		BFD945E0244DC5E80012785A /* SceneDelegate.swift */ = {isa = PBXFileReference; lastKnownFileType = sourcecode.swift; path = SceneDelegate.swift; sourceTree = "<group>"; };
		BFD945E7244DC5EB0012785A /* Assets.xcassets */ = {isa = PBXFileReference; lastKnownFileType = folder.assetcatalog; path = Assets.xcassets; sourceTree = "<group>"; };
		BFD945EA244DC5EB0012785A /* Base */ = {isa = PBXFileReference; lastKnownFileType = file.storyboard; name = Base; path = Base.lproj/LaunchScreen.storyboard; sourceTree = "<group>"; };
		BFD945EC244DC5EB0012785A /* Info.plist */ = {isa = PBXFileReference; lastKnownFileType = text.plist.xml; path = Info.plist; sourceTree = "<group>"; };
		BFD945F1244DC5EB0012785A /* iOSEngineerCodeCheckTests.xctest */ = {isa = PBXFileReference; explicitFileType = wrapper.cfbundle; includeInIndex = 0; path = iOSEngineerCodeCheckTests.xctest; sourceTree = BUILT_PRODUCTS_DIR; };
		BFD945F5244DC5EB0012785A /* iOSEngineerCodeCheckTests.swift */ = {isa = PBXFileReference; lastKnownFileType = sourcecode.swift; path = iOSEngineerCodeCheckTests.swift; sourceTree = "<group>"; };
		BFD945F7244DC5EB0012785A /* Info.plist */ = {isa = PBXFileReference; lastKnownFileType = text.plist.xml; path = Info.plist; sourceTree = "<group>"; };
		BFD945FC244DC5EB0012785A /* iOSEngineerCodeCheckUITests.xctest */ = {isa = PBXFileReference; explicitFileType = wrapper.cfbundle; includeInIndex = 0; path = iOSEngineerCodeCheckUITests.xctest; sourceTree = BUILT_PRODUCTS_DIR; };
		BFD94600244DC5EC0012785A /* iOSEngineerCodeCheckUITests.swift */ = {isa = PBXFileReference; lastKnownFileType = sourcecode.swift; path = iOSEngineerCodeCheckUITests.swift; sourceTree = "<group>"; };
		BFD94602244DC5EC0012785A /* Info.plist */ = {isa = PBXFileReference; lastKnownFileType = text.plist.xml; path = Info.plist; sourceTree = "<group>"; };
		F1CA0D6384338679C1CA1348 /* Pods_iOSEngineerCodeCheck.framework */ = {isa = PBXFileReference; explicitFileType = wrapper.framework; includeInIndex = 0; path = Pods_iOSEngineerCodeCheck.framework; sourceTree = BUILT_PRODUCTS_DIR; };
/* End PBXFileReference section */

/* Begin PBXFrameworksBuildPhase section */
		BFD945D8244DC5E80012785A /* Frameworks */ = {
			isa = PBXFrameworksBuildPhase;
			buildActionMask = 2147483647;
			files = (
				6F5B7AC2F578928625FED895 /* Pods_iOSEngineerCodeCheck.framework in Frameworks */,
			);
			runOnlyForDeploymentPostprocessing = 0;
		};
		BFD945EE244DC5EB0012785A /* Frameworks */ = {
			isa = PBXFrameworksBuildPhase;
			buildActionMask = 2147483647;
			files = (
				68F8F24879BDD075329D4BB5 /* Pods_iOSEngineerCodeCheckTests.framework in Frameworks */,
			);
			runOnlyForDeploymentPostprocessing = 0;
		};
		BFD945F9244DC5EB0012785A /* Frameworks */ = {
			isa = PBXFrameworksBuildPhase;
			buildActionMask = 2147483647;
			files = (
				30C85CA18017513A67FAFBD5 /* Pods_iOSEngineerCodeCheck_iOSEngineerCodeCheckUITests.framework in Frameworks */,
			);
			runOnlyForDeploymentPostprocessing = 0;
		};
/* End PBXFrameworksBuildPhase section */

/* Begin PBXGroup section */
		3704ADD1269409B200D6268E /* Model */ = {
			isa = PBXGroup;
			children = (
				3704ADDC269546A500D6268E /* SearchReponse.swift */,
				3704ADF72695916D00D6268E /* Repository.swift */,
				3704ADF92695919400D6268E /* Owner.swift */,
				3704AE1C2695A29F00D6268E /* Language.swift */,
			);
			path = Model;
			sourceTree = "<group>";
		};
		3704ADD2269409BA00D6268E /* Views */ = {
			isa = PBXGroup;
			children = (
				3704ADDF2695471900D6268E /* Detail */,
				3704AE1926959BD200D6268E /* Common */,
			);
			path = Views;
			sourceTree = "<group>";
		};
		3704ADDE2695470000D6268E /* Search */ = {
			isa = PBXGroup;
			children = (
				3704AE0C269598DA00D6268E /* Cells */,
				3704ADD82695465F00D6268E /* SearchViewController.swift */,
				3704ADD42695462200D6268E /* SearchViewController.storyboard */,
				3704ADFD2695949F00D6268E /* SearchViewPresenter.swift */,
				3704ADFF269594CC00D6268E /* SearchModel.swift */,
			);
			path = Search;
			sourceTree = "<group>";
		};
		3704ADDF2695471900D6268E /* Detail */ = {
			isa = PBXGroup;
			children = (
				3704ADDA2695466D00D6268E /* DetailViewController.swift */,
				3704ADE826954D0D00D6268E /* DetailViewController.storyboard */,
				3704AE1726959B6B00D6268E /* DetailView.swift */,
			);
			path = Detail;
			sourceTree = "<group>";
		};
		3704ADE726954AB200D6268E /* Shared */ = {
			isa = PBXGroup;
			children = (
				3704AE122695998500D6268E /* CellReusable.swift */,
				3704ADE02695490100D6268E /* Instantiatable.swift */,
				3704ADE22695490E00D6268E /* ClassName.swift */,
				3704ADE42695491F00D6268E /* Injectable.swift */,
			);
			path = Shared;
			sourceTree = "<group>";
		};
		3704ADEF26958A5600D6268E /* API */ = {
			isa = PBXGroup;
			children = (
				3704ADF026958A8500D6268E /* GitHubAPI.swift */,
			);
			path = API;
			sourceTree = "<group>";
		};
		3704AE0C269598DA00D6268E /* Cells */ = {
			isa = PBXGroup;
			children = (
				3704AE0D269598DA00D6268E /* RepositoryCell.swift */,
				3704AE0E269598DA00D6268E /* RepositoryCell.xib */,
			);
			name = Cells;
			path = "../../../../Downloads/mihon-ios-engineer-codecheck/iOSEngineerCodeCheck/Sources/Views/Search/Cells";
			sourceTree = "<group>";
		};
		3704AE1426959A0800D6268E /* Extensions */ = {
			isa = PBXGroup;
			children = (
				3704AE1526959A2600D6268E /* UIImageView+SFSymbols.swift */,
				3704AE212695A33600D6268E /* UIColor.swift */,
			);
			path = Extensions;
			sourceTree = "<group>";
		};
		3704AE1926959BD200D6268E /* Common */ = {
			isa = PBXGroup;
			children = (
				3704AE1A26959BE900D6268E /* RemoteImageView.swift */,
			);
			path = Common;
			sourceTree = "<group>";
		};
		3704AE1E2695A2CE00D6268E /* Generated */ = {
			isa = PBXGroup;
			children = (
				3704AE1F2695A2F900D6268E /* GitHubLanguageColor.swift */,
			);
			path = Generated;
			sourceTree = "<group>";
		};
		4C6749732DDD5C10A41A82F6 /* Pods */ = {
			isa = PBXGroup;
			children = (
				96A109A24E031A211579CE8E /* Pods-iOSEngineerCodeCheck.debug.xcconfig */,
				486BBF3AD0476A3580190B07 /* Pods-iOSEngineerCodeCheck.release.xcconfig */,
				34B026E00B514474DBB37DA2 /* Pods-iOSEngineerCodeCheck-iOSEngineerCodeCheckUITests.debug.xcconfig */,
				7A56F9B64D2BE1051CA9BB65 /* Pods-iOSEngineerCodeCheck-iOSEngineerCodeCheckUITests.release.xcconfig */,
				0A93E6170F253275DA9CEAD0 /* Pods-iOSEngineerCodeCheckTests.debug.xcconfig */,
				813EC05AA00E36BC9DFCA146 /* Pods-iOSEngineerCodeCheckTests.release.xcconfig */,
			);
			path = Pods;
			sourceTree = "<group>";
		};
		5D434E88DD3976D0B0F9C110 /* Frameworks */ = {
			isa = PBXGroup;
			children = (
				3704ADEA2695836B00D6268E /* APIKit.framework */,
				F1CA0D6384338679C1CA1348 /* Pods_iOSEngineerCodeCheck.framework */,
				425A7C9734FBBBE685FF6C6E /* Pods_iOSEngineerCodeCheck_iOSEngineerCodeCheckUITests.framework */,
				2E9985234315D649906499A4 /* Pods_iOSEngineerCodeCheckTests.framework */,
			);
			name = Frameworks;
			sourceTree = "<group>";
		};
		BFD945D2244DC5E80012785A = {
			isa = PBXGroup;
			children = (
				BFD945DD244DC5E80012785A /* iOSEngineerCodeCheck */,
				BFD945F4244DC5EB0012785A /* iOSEngineerCodeCheckTests */,
				BFD945FF244DC5EB0012785A /* iOSEngineerCodeCheckUITests */,
				BFD945DC244DC5E80012785A /* Products */,
				4C6749732DDD5C10A41A82F6 /* Pods */,
				5D434E88DD3976D0B0F9C110 /* Frameworks */,
			);
			sourceTree = "<group>";
		};
		BFD945DC244DC5E80012785A /* Products */ = {
			isa = PBXGroup;
			children = (
				BFD945DB244DC5E80012785A /* iOSEngineerCodeCheck.app */,
				BFD945F1244DC5EB0012785A /* iOSEngineerCodeCheckTests.xctest */,
				BFD945FC244DC5EB0012785A /* iOSEngineerCodeCheckUITests.xctest */,
			);
			name = Products;
			sourceTree = "<group>";
		};
		BFD945DD244DC5E80012785A /* iOSEngineerCodeCheck */ = {
			isa = PBXGroup;
			children = (
				BFD945E7244DC5EB0012785A /* Assets.xcassets */,
				BFD945DE244DC5E80012785A /* AppDelegate.swift */,
				BFD945E0244DC5E80012785A /* SceneDelegate.swift */,
				3704AE232695A37500D6268E /* GitHubLanguageColorsのコピー.json */,
				3704AE1E2695A2CE00D6268E /* Generated */,
				3704AE1426959A0800D6268E /* Extensions */,
				3704ADEF26958A5600D6268E /* API */,
				3704ADE726954AB200D6268E /* Shared */,
				3704ADDE2695470000D6268E /* Search */,
				3704ADD2269409BA00D6268E /* Views */,
				3704ADD1269409B200D6268E /* Model */,
				BFD945E9244DC5EB0012785A /* LaunchScreen.storyboard */,
				BFD945EC244DC5EB0012785A /* Info.plist */,
			);
			path = iOSEngineerCodeCheck;
			sourceTree = "<group>";
		};
		BFD945F4244DC5EB0012785A /* iOSEngineerCodeCheckTests */ = {
			isa = PBXGroup;
			children = (
				BFD945F5244DC5EB0012785A /* iOSEngineerCodeCheckTests.swift */,
				BFD945F7244DC5EB0012785A /* Info.plist */,
			);
			path = iOSEngineerCodeCheckTests;
			sourceTree = "<group>";
		};
		BFD945FF244DC5EB0012785A /* iOSEngineerCodeCheckUITests */ = {
			isa = PBXGroup;
			children = (
				BFD94600244DC5EC0012785A /* iOSEngineerCodeCheckUITests.swift */,
				BFD94602244DC5EC0012785A /* Info.plist */,
			);
			path = iOSEngineerCodeCheckUITests;
			sourceTree = "<group>";
		};
/* End PBXGroup section */

/* Begin PBXNativeTarget section */
		BFD945DA244DC5E80012785A /* iOSEngineerCodeCheck */ = {
			isa = PBXNativeTarget;
			buildConfigurationList = BFD94605244DC5EC0012785A /* Build configuration list for PBXNativeTarget "iOSEngineerCodeCheck" */;
			buildPhases = (
				B903EEF7BB6A7F36A36E42D5 /* [CP] Check Pods Manifest.lock */,
				BFD945D7244DC5E80012785A /* Sources */,
				BFD945D8244DC5E80012785A /* Frameworks */,
				BFD945D9244DC5E80012785A /* Resources */,
				3704ADEE269583CE00D6268E /* Run Script */,
				B6BE873550C9E9066FE8BC0A /* [CP] Embed Pods Frameworks */,
			);
			buildRules = (
			);
			dependencies = (
			);
			name = iOSEngineerCodeCheck;
			productName = iOSEngineerCodeCheck;
			productReference = BFD945DB244DC5E80012785A /* iOSEngineerCodeCheck.app */;
			productType = "com.apple.product-type.application";
		};
		BFD945F0244DC5EB0012785A /* iOSEngineerCodeCheckTests */ = {
			isa = PBXNativeTarget;
			buildConfigurationList = BFD94608244DC5EC0012785A /* Build configuration list for PBXNativeTarget "iOSEngineerCodeCheckTests" */;
			buildPhases = (
				EF6088BA76A2F8C4935263FC /* [CP] Check Pods Manifest.lock */,
				BFD945ED244DC5EB0012785A /* Sources */,
				BFD945EE244DC5EB0012785A /* Frameworks */,
				BFD945EF244DC5EB0012785A /* Resources */,
			);
			buildRules = (
			);
			dependencies = (
				BFD945F3244DC5EB0012785A /* PBXTargetDependency */,
			);
			name = iOSEngineerCodeCheckTests;
			productName = iOSEngineerCodeCheckTests;
			productReference = BFD945F1244DC5EB0012785A /* iOSEngineerCodeCheckTests.xctest */;
			productType = "com.apple.product-type.bundle.unit-test";
		};
		BFD945FB244DC5EB0012785A /* iOSEngineerCodeCheckUITests */ = {
			isa = PBXNativeTarget;
			buildConfigurationList = BFD9460B244DC5EC0012785A /* Build configuration list for PBXNativeTarget "iOSEngineerCodeCheckUITests" */;
			buildPhases = (
				0064EA4DE3F14173CB963DA2 /* [CP] Check Pods Manifest.lock */,
				BFD945F8244DC5EB0012785A /* Sources */,
				BFD945F9244DC5EB0012785A /* Frameworks */,
				BFD945FA244DC5EB0012785A /* Resources */,
				E8E9240AD676712805F7D05C /* [CP] Embed Pods Frameworks */,
			);
			buildRules = (
			);
			dependencies = (
				BFD945FE244DC5EB0012785A /* PBXTargetDependency */,
			);
			name = iOSEngineerCodeCheckUITests;
			productName = iOSEngineerCodeCheckUITests;
			productReference = BFD945FC244DC5EB0012785A /* iOSEngineerCodeCheckUITests.xctest */;
			productType = "com.apple.product-type.bundle.ui-testing";
		};
/* End PBXNativeTarget section */

/* Begin PBXProject section */
		BFD945D3244DC5E80012785A /* Project object */ = {
			isa = PBXProject;
			attributes = {
				LastSwiftUpdateCheck = 1140;
				LastUpgradeCheck = 1140;
				ORGANIZATIONNAME = "YUMEMI Inc.";
				TargetAttributes = {
					BFD945DA244DC5E80012785A = {
						CreatedOnToolsVersion = 11.4.1;
					};
					BFD945F0244DC5EB0012785A = {
						CreatedOnToolsVersion = 11.4.1;
						TestTargetID = BFD945DA244DC5E80012785A;
					};
					BFD945FB244DC5EB0012785A = {
						CreatedOnToolsVersion = 11.4.1;
						TestTargetID = BFD945DA244DC5E80012785A;
					};
				};
			};
			buildConfigurationList = BFD945D6244DC5E80012785A /* Build configuration list for PBXProject "iOSEngineerCodeCheck" */;
			compatibilityVersion = "Xcode 9.3";
			developmentRegion = en;
			hasScannedForEncodings = 0;
			knownRegions = (
				en,
				Base,
			);
			mainGroup = BFD945D2244DC5E80012785A;
			productRefGroup = BFD945DC244DC5E80012785A /* Products */;
			projectDirPath = "";
			projectRoot = "";
			targets = (
				BFD945DA244DC5E80012785A /* iOSEngineerCodeCheck */,
				BFD945F0244DC5EB0012785A /* iOSEngineerCodeCheckTests */,
				BFD945FB244DC5EB0012785A /* iOSEngineerCodeCheckUITests */,
			);
		};
/* End PBXProject section */

/* Begin PBXResourcesBuildPhase section */
		BFD945D9244DC5E80012785A /* Resources */ = {
			isa = PBXResourcesBuildPhase;
			buildActionMask = 2147483647;
			files = (
				BFD945EB244DC5EB0012785A /* LaunchScreen.storyboard in Resources */,
				BFD945E8244DC5EB0012785A /* Assets.xcassets in Resources */,
				3704AE242695A37500D6268E /* GitHubLanguageColorsのコピー.json in Resources */,
				3704ADE926954D0D00D6268E /* DetailViewController.storyboard in Resources */,
				3704AE10269598DA00D6268E /* RepositoryCell.xib in Resources */,
				3704ADD52695462200D6268E /* SearchViewController.storyboard in Resources */,
			);
			runOnlyForDeploymentPostprocessing = 0;
		};
		BFD945EF244DC5EB0012785A /* Resources */ = {
			isa = PBXResourcesBuildPhase;
			buildActionMask = 2147483647;
			files = (
			);
			runOnlyForDeploymentPostprocessing = 0;
		};
		BFD945FA244DC5EB0012785A /* Resources */ = {
			isa = PBXResourcesBuildPhase;
			buildActionMask = 2147483647;
			files = (
			);
			runOnlyForDeploymentPostprocessing = 0;
		};
/* End PBXResourcesBuildPhase section */

/* Begin PBXShellScriptBuildPhase section */
		0064EA4DE3F14173CB963DA2 /* [CP] Check Pods Manifest.lock */ = {
			isa = PBXShellScriptBuildPhase;
			buildActionMask = 2147483647;
			files = (
			);
			inputFileListPaths = (
			);
			inputPaths = (
				"${PODS_PODFILE_DIR_PATH}/Podfile.lock",
				"${PODS_ROOT}/Manifest.lock",
			);
			name = "[CP] Check Pods Manifest.lock";
			outputFileListPaths = (
			);
			outputPaths = (
				"$(DERIVED_FILE_DIR)/Pods-iOSEngineerCodeCheck-iOSEngineerCodeCheckUITests-checkManifestLockResult.txt",
			);
			runOnlyForDeploymentPostprocessing = 0;
			shellPath = /bin/sh;
			shellScript = "diff \"${PODS_PODFILE_DIR_PATH}/Podfile.lock\" \"${PODS_ROOT}/Manifest.lock\" > /dev/null\nif [ $? != 0 ] ; then\n    # print error to STDERR\n    echo \"error: The sandbox is not in sync with the Podfile.lock. Run 'pod install' or update your CocoaPods installation.\" >&2\n    exit 1\nfi\n# This output is used by Xcode 'outputs' to avoid re-running this script phase.\necho \"SUCCESS\" > \"${SCRIPT_OUTPUT_FILE_0}\"\n";
			showEnvVarsInLog = 0;
		};
		3704ADEE269583CE00D6268E /* Run Script */ = {
			isa = PBXShellScriptBuildPhase;
			buildActionMask = 2147483647;
			files = (
			);
			inputFileListPaths = (
			);
			inputPaths = (
				"$(SRCROOT)/Carthage/Build/iOS/APIKit.framework",
			);
			name = "Run Script";
			outputFileListPaths = (
			);
			outputPaths = (
			);
			runOnlyForDeploymentPostprocessing = 0;
			shellPath = /bin/sh;
			shellScript = "# Type a script or drag a script file from your workspace to insert its path.\n/usr/local/bin/carthage copy-frameworks\n";
		};
		B6BE873550C9E9066FE8BC0A /* [CP] Embed Pods Frameworks */ = {
			isa = PBXShellScriptBuildPhase;
			buildActionMask = 2147483647;
			files = (
			);
			inputFileListPaths = (
				"${PODS_ROOT}/Target Support Files/Pods-iOSEngineerCodeCheck/Pods-iOSEngineerCodeCheck-frameworks-${CONFIGURATION}-input-files.xcfilelist",
			);
			name = "[CP] Embed Pods Frameworks";
			outputFileListPaths = (
				"${PODS_ROOT}/Target Support Files/Pods-iOSEngineerCodeCheck/Pods-iOSEngineerCodeCheck-frameworks-${CONFIGURATION}-output-files.xcfilelist",
			);
			runOnlyForDeploymentPostprocessing = 0;
			shellPath = /bin/sh;
			shellScript = "\"${PODS_ROOT}/Target Support Files/Pods-iOSEngineerCodeCheck/Pods-iOSEngineerCodeCheck-frameworks.sh\"\n";
			showEnvVarsInLog = 0;
		};
		B903EEF7BB6A7F36A36E42D5 /* [CP] Check Pods Manifest.lock */ = {
			isa = PBXShellScriptBuildPhase;
			buildActionMask = 2147483647;
			files = (
			);
			inputFileListPaths = (
			);
			inputPaths = (
				"${PODS_PODFILE_DIR_PATH}/Podfile.lock",
				"${PODS_ROOT}/Manifest.lock",
			);
			name = "[CP] Check Pods Manifest.lock";
			outputFileListPaths = (
			);
			outputPaths = (
				"$(DERIVED_FILE_DIR)/Pods-iOSEngineerCodeCheck-checkManifestLockResult.txt",
			);
			runOnlyForDeploymentPostprocessing = 0;
			shellPath = /bin/sh;
			shellScript = "diff \"${PODS_PODFILE_DIR_PATH}/Podfile.lock\" \"${PODS_ROOT}/Manifest.lock\" > /dev/null\nif [ $? != 0 ] ; then\n    # print error to STDERR\n    echo \"error: The sandbox is not in sync with the Podfile.lock. Run 'pod install' or update your CocoaPods installation.\" >&2\n    exit 1\nfi\n# This output is used by Xcode 'outputs' to avoid re-running this script phase.\necho \"SUCCESS\" > \"${SCRIPT_OUTPUT_FILE_0}\"\n";
			showEnvVarsInLog = 0;
		};
		E8E9240AD676712805F7D05C /* [CP] Embed Pods Frameworks */ = {
			isa = PBXShellScriptBuildPhase;
			buildActionMask = 2147483647;
			files = (
			);
			inputFileListPaths = (
				"${PODS_ROOT}/Target Support Files/Pods-iOSEngineerCodeCheck-iOSEngineerCodeCheckUITests/Pods-iOSEngineerCodeCheck-iOSEngineerCodeCheckUITests-frameworks-${CONFIGURATION}-input-files.xcfilelist",
			);
			name = "[CP] Embed Pods Frameworks";
			outputFileListPaths = (
				"${PODS_ROOT}/Target Support Files/Pods-iOSEngineerCodeCheck-iOSEngineerCodeCheckUITests/Pods-iOSEngineerCodeCheck-iOSEngineerCodeCheckUITests-frameworks-${CONFIGURATION}-output-files.xcfilelist",
			);
			runOnlyForDeploymentPostprocessing = 0;
			shellPath = /bin/sh;
			shellScript = "\"${PODS_ROOT}/Target Support Files/Pods-iOSEngineerCodeCheck-iOSEngineerCodeCheckUITests/Pods-iOSEngineerCodeCheck-iOSEngineerCodeCheckUITests-frameworks.sh\"\n";
			showEnvVarsInLog = 0;
		};
		EF6088BA76A2F8C4935263FC /* [CP] Check Pods Manifest.lock */ = {
			isa = PBXShellScriptBuildPhase;
			buildActionMask = 2147483647;
			files = (
			);
			inputFileListPaths = (
			);
			inputPaths = (
				"${PODS_PODFILE_DIR_PATH}/Podfile.lock",
				"${PODS_ROOT}/Manifest.lock",
			);
			name = "[CP] Check Pods Manifest.lock";
			outputFileListPaths = (
			);
			outputPaths = (
				"$(DERIVED_FILE_DIR)/Pods-iOSEngineerCodeCheckTests-checkManifestLockResult.txt",
			);
			runOnlyForDeploymentPostprocessing = 0;
			shellPath = /bin/sh;
			shellScript = "diff \"${PODS_PODFILE_DIR_PATH}/Podfile.lock\" \"${PODS_ROOT}/Manifest.lock\" > /dev/null\nif [ $? != 0 ] ; then\n    # print error to STDERR\n    echo \"error: The sandbox is not in sync with the Podfile.lock. Run 'pod install' or update your CocoaPods installation.\" >&2\n    exit 1\nfi\n# This output is used by Xcode 'outputs' to avoid re-running this script phase.\necho \"SUCCESS\" > \"${SCRIPT_OUTPUT_FILE_0}\"\n";
			showEnvVarsInLog = 0;
		};
/* End PBXShellScriptBuildPhase section */

/* Begin PBXSourcesBuildPhase section */
		BFD945D7244DC5E80012785A /* Sources */ = {
			isa = PBXSourcesBuildPhase;
			buildActionMask = 2147483647;
			files = (
				3704ADFA2695919400D6268E /* Owner.swift in Sources */,
				3704AE222695A33600D6268E /* UIColor.swift in Sources */,
				3704ADD92695465F00D6268E /* SearchViewController.swift in Sources */,
				3704AE00269594CC00D6268E /* SearchModel.swift in Sources */,
				3704ADFE2695949F00D6268E /* SearchViewPresenter.swift in Sources */,
				3704ADE12695490100D6268E /* Instantiatable.swift in Sources */,
				3704AE1D2695A29F00D6268E /* Language.swift in Sources */,
				3704AE202695A2F900D6268E /* GitHubLanguageColor.swift in Sources */,
				3704ADDD269546A500D6268E /* SearchReponse.swift in Sources */,
				3704ADDB2695466D00D6268E /* DetailViewController.swift in Sources */,
				BFD945DF244DC5E80012785A /* AppDelegate.swift in Sources */,
				BFD945E1244DC5E80012785A /* SceneDelegate.swift in Sources */,
				3704ADE52695491F00D6268E /* Injectable.swift in Sources */,
				3704AE132695998500D6268E /* CellReusable.swift in Sources */,
				3704ADF126958A8500D6268E /* GitHubAPI.swift in Sources */,
				3704ADE32695490E00D6268E /* ClassName.swift in Sources */,
				3704AE1626959A2600D6268E /* UIImageView+SFSymbols.swift in Sources */,
				3704AE1826959B6B00D6268E /* DetailView.swift in Sources */,
				3704ADF82695916D00D6268E /* Repository.swift in Sources */,
				3704AE1B26959BE900D6268E /* RemoteImageView.swift in Sources */,
				3704AE0F269598DA00D6268E /* RepositoryCell.swift in Sources */,
			);
			runOnlyForDeploymentPostprocessing = 0;
		};
		BFD945ED244DC5EB0012785A /* Sources */ = {
			isa = PBXSourcesBuildPhase;
			buildActionMask = 2147483647;
			files = (
				BFD945F6244DC5EB0012785A /* iOSEngineerCodeCheckTests.swift in Sources */,
			);
			runOnlyForDeploymentPostprocessing = 0;
		};
		BFD945F8244DC5EB0012785A /* Sources */ = {
			isa = PBXSourcesBuildPhase;
			buildActionMask = 2147483647;
			files = (
				BFD94601244DC5EC0012785A /* iOSEngineerCodeCheckUITests.swift in Sources */,
			);
			runOnlyForDeploymentPostprocessing = 0;
		};
/* End PBXSourcesBuildPhase section */

/* Begin PBXTargetDependency section */
		BFD945F3244DC5EB0012785A /* PBXTargetDependency */ = {
			isa = PBXTargetDependency;
			target = BFD945DA244DC5E80012785A /* iOSEngineerCodeCheck */;
			targetProxy = BFD945F2244DC5EB0012785A /* PBXContainerItemProxy */;
		};
		BFD945FE244DC5EB0012785A /* PBXTargetDependency */ = {
			isa = PBXTargetDependency;
			target = BFD945DA244DC5E80012785A /* iOSEngineerCodeCheck */;
			targetProxy = BFD945FD244DC5EB0012785A /* PBXContainerItemProxy */;
		};
/* End PBXTargetDependency section */

/* Begin PBXVariantGroup section */
		BFD945E9244DC5EB0012785A /* LaunchScreen.storyboard */ = {
			isa = PBXVariantGroup;
			children = (
				BFD945EA244DC5EB0012785A /* Base */,
			);
			name = LaunchScreen.storyboard;
			sourceTree = "<group>";
		};
/* End PBXVariantGroup section */

/* Begin XCBuildConfiguration section */
		BFD94603244DC5EC0012785A /* Debug */ = {
			isa = XCBuildConfiguration;
			buildSettings = {
				ALWAYS_SEARCH_USER_PATHS = NO;
				CLANG_ANALYZER_NONNULL = YES;
				CLANG_ANALYZER_NUMBER_OBJECT_CONVERSION = YES_AGGRESSIVE;
				CLANG_CXX_LANGUAGE_STANDARD = "gnu++14";
				CLANG_CXX_LIBRARY = "libc++";
				CLANG_ENABLE_MODULES = YES;
				CLANG_ENABLE_OBJC_ARC = YES;
				CLANG_ENABLE_OBJC_WEAK = YES;
				CLANG_WARN_BLOCK_CAPTURE_AUTORELEASING = YES;
				CLANG_WARN_BOOL_CONVERSION = YES;
				CLANG_WARN_COMMA = YES;
				CLANG_WARN_CONSTANT_CONVERSION = YES;
				CLANG_WARN_DEPRECATED_OBJC_IMPLEMENTATIONS = YES;
				CLANG_WARN_DIRECT_OBJC_ISA_USAGE = YES_ERROR;
				CLANG_WARN_DOCUMENTATION_COMMENTS = YES;
				CLANG_WARN_EMPTY_BODY = YES;
				CLANG_WARN_ENUM_CONVERSION = YES;
				CLANG_WARN_INFINITE_RECURSION = YES;
				CLANG_WARN_INT_CONVERSION = YES;
				CLANG_WARN_NON_LITERAL_NULL_CONVERSION = YES;
				CLANG_WARN_OBJC_IMPLICIT_RETAIN_SELF = YES;
				CLANG_WARN_OBJC_LITERAL_CONVERSION = YES;
				CLANG_WARN_OBJC_ROOT_CLASS = YES_ERROR;
				CLANG_WARN_RANGE_LOOP_ANALYSIS = YES;
				CLANG_WARN_STRICT_PROTOTYPES = YES;
				CLANG_WARN_SUSPICIOUS_MOVE = YES;
				CLANG_WARN_UNGUARDED_AVAILABILITY = YES_AGGRESSIVE;
				CLANG_WARN_UNREACHABLE_CODE = YES;
				CLANG_WARN__DUPLICATE_METHOD_MATCH = YES;
				COPY_PHASE_STRIP = NO;
				DEBUG_INFORMATION_FORMAT = dwarf;
				ENABLE_STRICT_OBJC_MSGSEND = YES;
				ENABLE_TESTABILITY = YES;
				GCC_C_LANGUAGE_STANDARD = gnu11;
				GCC_DYNAMIC_NO_PIC = NO;
				GCC_NO_COMMON_BLOCKS = YES;
				GCC_OPTIMIZATION_LEVEL = 0;
				GCC_PREPROCESSOR_DEFINITIONS = (
					"DEBUG=1",
					"$(inherited)",
				);
				GCC_WARN_64_TO_32_BIT_CONVERSION = YES;
				GCC_WARN_ABOUT_RETURN_TYPE = YES_ERROR;
				GCC_WARN_UNDECLARED_SELECTOR = YES;
				GCC_WARN_UNINITIALIZED_AUTOS = YES_AGGRESSIVE;
				GCC_WARN_UNUSED_FUNCTION = YES;
				GCC_WARN_UNUSED_VARIABLE = YES;
				IPHONEOS_DEPLOYMENT_TARGET = 13.4;
				MTL_ENABLE_DEBUG_INFO = INCLUDE_SOURCE;
				MTL_FAST_MATH = YES;
				ONLY_ACTIVE_ARCH = YES;
				SDKROOT = iphoneos;
				SWIFT_ACTIVE_COMPILATION_CONDITIONS = DEBUG;
				SWIFT_OPTIMIZATION_LEVEL = "-Onone";
			};
			name = Debug;
		};
		BFD94604244DC5EC0012785A /* Release */ = {
			isa = XCBuildConfiguration;
			buildSettings = {
				ALWAYS_SEARCH_USER_PATHS = NO;
				CLANG_ANALYZER_NONNULL = YES;
				CLANG_ANALYZER_NUMBER_OBJECT_CONVERSION = YES_AGGRESSIVE;
				CLANG_CXX_LANGUAGE_STANDARD = "gnu++14";
				CLANG_CXX_LIBRARY = "libc++";
				CLANG_ENABLE_MODULES = YES;
				CLANG_ENABLE_OBJC_ARC = YES;
				CLANG_ENABLE_OBJC_WEAK = YES;
				CLANG_WARN_BLOCK_CAPTURE_AUTORELEASING = YES;
				CLANG_WARN_BOOL_CONVERSION = YES;
				CLANG_WARN_COMMA = YES;
				CLANG_WARN_CONSTANT_CONVERSION = YES;
				CLANG_WARN_DEPRECATED_OBJC_IMPLEMENTATIONS = YES;
				CLANG_WARN_DIRECT_OBJC_ISA_USAGE = YES_ERROR;
				CLANG_WARN_DOCUMENTATION_COMMENTS = YES;
				CLANG_WARN_EMPTY_BODY = YES;
				CLANG_WARN_ENUM_CONVERSION = YES;
				CLANG_WARN_INFINITE_RECURSION = YES;
				CLANG_WARN_INT_CONVERSION = YES;
				CLANG_WARN_NON_LITERAL_NULL_CONVERSION = YES;
				CLANG_WARN_OBJC_IMPLICIT_RETAIN_SELF = YES;
				CLANG_WARN_OBJC_LITERAL_CONVERSION = YES;
				CLANG_WARN_OBJC_ROOT_CLASS = YES_ERROR;
				CLANG_WARN_RANGE_LOOP_ANALYSIS = YES;
				CLANG_WARN_STRICT_PROTOTYPES = YES;
				CLANG_WARN_SUSPICIOUS_MOVE = YES;
				CLANG_WARN_UNGUARDED_AVAILABILITY = YES_AGGRESSIVE;
				CLANG_WARN_UNREACHABLE_CODE = YES;
				CLANG_WARN__DUPLICATE_METHOD_MATCH = YES;
				COPY_PHASE_STRIP = NO;
				DEBUG_INFORMATION_FORMAT = "dwarf-with-dsym";
				ENABLE_NS_ASSERTIONS = NO;
				ENABLE_STRICT_OBJC_MSGSEND = YES;
				GCC_C_LANGUAGE_STANDARD = gnu11;
				GCC_NO_COMMON_BLOCKS = YES;
				GCC_WARN_64_TO_32_BIT_CONVERSION = YES;
				GCC_WARN_ABOUT_RETURN_TYPE = YES_ERROR;
				GCC_WARN_UNDECLARED_SELECTOR = YES;
				GCC_WARN_UNINITIALIZED_AUTOS = YES_AGGRESSIVE;
				GCC_WARN_UNUSED_FUNCTION = YES;
				GCC_WARN_UNUSED_VARIABLE = YES;
				IPHONEOS_DEPLOYMENT_TARGET = 13.4;
				MTL_ENABLE_DEBUG_INFO = NO;
				MTL_FAST_MATH = YES;
				SDKROOT = iphoneos;
				SWIFT_COMPILATION_MODE = wholemodule;
				SWIFT_OPTIMIZATION_LEVEL = "-O";
				VALIDATE_PRODUCT = YES;
			};
			name = Release;
		};
		BFD94606244DC5EC0012785A /* Debug */ = {
			isa = XCBuildConfiguration;
			baseConfigurationReference = 96A109A24E031A211579CE8E /* Pods-iOSEngineerCodeCheck.debug.xcconfig */;
			buildSettings = {
				ASSETCATALOG_COMPILER_APPICON_NAME = AppIcon;
				CODE_SIGN_STYLE = Automatic;
				DEVELOPMENT_TEAM = "";
				FRAMEWORK_SEARCH_PATHS = (
					"$(inherited)",
					"$(PROJECT_DIR)/Carthage/Build/iOS",
				);
				INFOPLIST_FILE = iOSEngineerCodeCheck/Info.plist;
				IPHONEOS_DEPLOYMENT_TARGET = 13.2;
				LD_RUNPATH_SEARCH_PATHS = (
					"$(inherited)",
					"@executable_path/Frameworks",
				);
				PRODUCT_BUNDLE_IDENTIFIER = jp.yumemi.iOSEngineerCodeCheck;
				PRODUCT_NAME = "$(TARGET_NAME)";
				SWIFT_VERSION = 5.0;
				TARGETED_DEVICE_FAMILY = "1,2";
			};
			name = Debug;
		};
		BFD94607244DC5EC0012785A /* Release */ = {
			isa = XCBuildConfiguration;
			baseConfigurationReference = 486BBF3AD0476A3580190B07 /* Pods-iOSEngineerCodeCheck.release.xcconfig */;
			buildSettings = {
				ASSETCATALOG_COMPILER_APPICON_NAME = AppIcon;
				CODE_SIGN_STYLE = Automatic;
				DEVELOPMENT_TEAM = "";
				FRAMEWORK_SEARCH_PATHS = (
					"$(inherited)",
					"$(PROJECT_DIR)/Carthage/Build/iOS",
				);
				INFOPLIST_FILE = iOSEngineerCodeCheck/Info.plist;
				IPHONEOS_DEPLOYMENT_TARGET = 13.2;
				LD_RUNPATH_SEARCH_PATHS = (
					"$(inherited)",
					"@executable_path/Frameworks",
				);
				PRODUCT_BUNDLE_IDENTIFIER = jp.yumemi.iOSEngineerCodeCheck;
				PRODUCT_NAME = "$(TARGET_NAME)";
				SWIFT_VERSION = 5.0;
				TARGETED_DEVICE_FAMILY = "1,2";
			};
			name = Release;
		};
		BFD94609244DC5EC0012785A /* Debug */ = {
			isa = XCBuildConfiguration;
			baseConfigurationReference = 0A93E6170F253275DA9CEAD0 /* Pods-iOSEngineerCodeCheckTests.debug.xcconfig */;
			buildSettings = {
				ALWAYS_EMBED_SWIFT_STANDARD_LIBRARIES = YES;
				BUNDLE_LOADER = "$(TEST_HOST)";
				CODE_SIGN_STYLE = Automatic;
				DEVELOPMENT_TEAM = S7G9J68NLX;
				INFOPLIST_FILE = iOSEngineerCodeCheckTests/Info.plist;
				IPHONEOS_DEPLOYMENT_TARGET = 13.4;
				LD_RUNPATH_SEARCH_PATHS = (
					"$(inherited)",
					"@executable_path/Frameworks",
					"@loader_path/Frameworks",
				);
				PRODUCT_BUNDLE_IDENTIFIER = jp.yumemi.iOSEngineerCodeCheckTests;
				PRODUCT_NAME = "$(TARGET_NAME)";
				SWIFT_VERSION = 5.0;
				TARGETED_DEVICE_FAMILY = "1,2";
				TEST_HOST = "$(BUILT_PRODUCTS_DIR)/iOSEngineerCodeCheck.app/iOSEngineerCodeCheck";
			};
			name = Debug;
		};
		BFD9460A244DC5EC0012785A /* Release */ = {
			isa = XCBuildConfiguration;
			baseConfigurationReference = 813EC05AA00E36BC9DFCA146 /* Pods-iOSEngineerCodeCheckTests.release.xcconfig */;
			buildSettings = {
				ALWAYS_EMBED_SWIFT_STANDARD_LIBRARIES = YES;
				BUNDLE_LOADER = "$(TEST_HOST)";
				CODE_SIGN_STYLE = Automatic;
				DEVELOPMENT_TEAM = S7G9J68NLX;
				INFOPLIST_FILE = iOSEngineerCodeCheckTests/Info.plist;
				IPHONEOS_DEPLOYMENT_TARGET = 13.4;
				LD_RUNPATH_SEARCH_PATHS = (
					"$(inherited)",
					"@executable_path/Frameworks",
					"@loader_path/Frameworks",
				);
				PRODUCT_BUNDLE_IDENTIFIER = jp.yumemi.iOSEngineerCodeCheckTests;
				PRODUCT_NAME = "$(TARGET_NAME)";
				SWIFT_VERSION = 5.0;
				TARGETED_DEVICE_FAMILY = "1,2";
				TEST_HOST = "$(BUILT_PRODUCTS_DIR)/iOSEngineerCodeCheck.app/iOSEngineerCodeCheck";
			};
			name = Release;
		};
		BFD9460C244DC5EC0012785A /* Debug */ = {
			isa = XCBuildConfiguration;
			baseConfigurationReference = 34B026E00B514474DBB37DA2 /* Pods-iOSEngineerCodeCheck-iOSEngineerCodeCheckUITests.debug.xcconfig */;
			buildSettings = {
				ALWAYS_EMBED_SWIFT_STANDARD_LIBRARIES = YES;
				CODE_SIGN_STYLE = Automatic;
				DEVELOPMENT_TEAM = S7G9J68NLX;
				INFOPLIST_FILE = iOSEngineerCodeCheckUITests/Info.plist;
				LD_RUNPATH_SEARCH_PATHS = (
					"$(inherited)",
					"@executable_path/Frameworks",
					"@loader_path/Frameworks",
				);
				PRODUCT_BUNDLE_IDENTIFIER = jp.yumemi.iOSEngineerCodeCheckUITests;
				PRODUCT_NAME = "$(TARGET_NAME)";
				SWIFT_VERSION = 5.0;
				TARGETED_DEVICE_FAMILY = "1,2";
				TEST_TARGET_NAME = iOSEngineerCodeCheck;
			};
			name = Debug;
		};
		BFD9460D244DC5EC0012785A /* Release */ = {
			isa = XCBuildConfiguration;
			baseConfigurationReference = 7A56F9B64D2BE1051CA9BB65 /* Pods-iOSEngineerCodeCheck-iOSEngineerCodeCheckUITests.release.xcconfig */;
			buildSettings = {
				ALWAYS_EMBED_SWIFT_STANDARD_LIBRARIES = YES;
				CODE_SIGN_STYLE = Automatic;
				DEVELOPMENT_TEAM = S7G9J68NLX;
				INFOPLIST_FILE = iOSEngineerCodeCheckUITests/Info.plist;
				LD_RUNPATH_SEARCH_PATHS = (
					"$(inherited)",
					"@executable_path/Frameworks",
					"@loader_path/Frameworks",
				);
				PRODUCT_BUNDLE_IDENTIFIER = jp.yumemi.iOSEngineerCodeCheckUITests;
				PRODUCT_NAME = "$(TARGET_NAME)";
				SWIFT_VERSION = 5.0;
				TARGETED_DEVICE_FAMILY = "1,2";
				TEST_TARGET_NAME = iOSEngineerCodeCheck;
			};
			name = Release;
		};
/* End XCBuildConfiguration section */

/* Begin XCConfigurationList section */
		BFD945D6244DC5E80012785A /* Build configuration list for PBXProject "iOSEngineerCodeCheck" */ = {
			isa = XCConfigurationList;
			buildConfigurations = (
				BFD94603244DC5EC0012785A /* Debug */,
				BFD94604244DC5EC0012785A /* Release */,
			);
			defaultConfigurationIsVisible = 0;
			defaultConfigurationName = Release;
		};
		BFD94605244DC5EC0012785A /* Build configuration list for PBXNativeTarget "iOSEngineerCodeCheck" */ = {
			isa = XCConfigurationList;
			buildConfigurations = (
				BFD94606244DC5EC0012785A /* Debug */,
				BFD94607244DC5EC0012785A /* Release */,
			);
			defaultConfigurationIsVisible = 0;
			defaultConfigurationName = Release;
		};
		BFD94608244DC5EC0012785A /* Build configuration list for PBXNativeTarget "iOSEngineerCodeCheckTests" */ = {
			isa = XCConfigurationList;
			buildConfigurations = (
				BFD94609244DC5EC0012785A /* Debug */,
				BFD9460A244DC5EC0012785A /* Release */,
			);
			defaultConfigurationIsVisible = 0;
			defaultConfigurationName = Release;
		};
		BFD9460B244DC5EC0012785A /* Build configuration list for PBXNativeTarget "iOSEngineerCodeCheckUITests" */ = {
			isa = XCConfigurationList;
			buildConfigurations = (
				BFD9460C244DC5EC0012785A /* Debug */,
				BFD9460D244DC5EC0012785A /* Release */,
			);
			defaultConfigurationIsVisible = 0;
			defaultConfigurationName = Release;
		};
/* End XCConfigurationList section */
	};
	rootObject = BFD945D3244DC5E80012785A /* Project object */;
}
